
Microsoft Visual Studio Solution File, Format Version 12.00
# Visual Studio Version 17
VisualStudioVersion = 17.7.34221.43
MinimumVisualStudioVersion = 10.0.40219.1
Project("{8BC9CEB8-8B4A-11D0-8D11-00A0C91BC942}") = "QuanLySV", "QuanLySV.vcxproj", "{169E18EA-B3F4-4D3C-8D82-22E43C6EBF08}"
EndProject
Global
	GlobalSection(SolutionConfigurationPlatforms) = preSolution
		Debug|x64 = Debug|x64
		Debug|x86 = Debug|x86
		Release|x64 = Release|x64
		Release|x86 = Release|x86
	EndGlobalSection
	GlobalSection(ProjectConfigurationPlatforms) = postSolution
		{169E18EA-B3F4-4D3C-8D82-22E43C6EBF08}.Debug|x64.ActiveCfg = Debug|x64
		{169E18EA-B3F4-4D3C-8D82-22E43C6EBF08}.Debug|x64.Build.0 = Debug|x64
		{169E18EA-B3F4-4D3C-8D82-22E43C6EBF08}.Debug|x86.ActiveCfg = Debug|Win32
		{169E18EA-B3F4-4D3C-8D82-22E43C6EBF08}.Debug|x86.Build.0 = Debug|Win32
		{169E18EA-B3F4-4D3C-8D82-22E43C6EBF08}.Release|x64.ActiveCfg = Release|x64
		{169E18EA-B3F4-4D3C-8D82-22E43C6EBF08}.Release|x64.Build.0 = Release|x64
		{169E18EA-B3F4-4D3C-8D82-22E43C6EBF08}.Release|x86.ActiveCfg = Release|Win32
		{169E18EA-B3F4-4D3C-8D82-22E43C6EBF08}.Release|x86.Build.0 = Release|Win32
	EndGlobalSection
	GlobalSection(SolutionProperties) = preSolution
		HideSolutionNode = FALSE
	EndGlobalSection
	GlobalSection(ExtensibilityGlobals) = postSolution
		SolutionGuid = {98DC6EDE-1746-445D-A526-74FC4109F44A}
	EndGlobalSection
EndGlobal
